// !$*UTF8*$!
{
	archiveVersion = 1;
	classes = {
	};
	objectVersion = 56;
	objects = {

/* Begin PBXBuildFile section */
		2694AA39DBC062E97F1F1511 /* Pods_LOLTests.framework in Frameworks */ = {isa = PBXBuildFile; fileRef = CD02035B775576A34317BF92 /* Pods_LOLTests.framework */; };
		BD2398392C5A9B7D00D91363 /* AppDelegate.swift in Sources */ = {isa = PBXBuildFile; fileRef = BD2398382C5A9B7D00D91363 /* AppDelegate.swift */; };
		BD23983B2C5A9B7D00D91363 /* SceneDelegate.swift in Sources */ = {isa = PBXBuildFile; fileRef = BD23983A2C5A9B7D00D91363 /* SceneDelegate.swift */; };
		BD2398402C5A9B7D00D91363 /* Base in Resources */ = {isa = PBXBuildFile; fileRef = BD23983F2C5A9B7D00D91363 /* Base */; };
		BD2398432C5A9B7D00D91363 /* LOL.xcdatamodeld in Sources */ = {isa = PBXBuildFile; fileRef = BD2398412C5A9B7D00D91363 /* LOL.xcdatamodeld */; };
		BD2398452C5A9B7E00D91363 /* Assets.xcassets in Resources */ = {isa = PBXBuildFile; fileRef = BD2398442C5A9B7E00D91363 /* Assets.xcassets */; };
		BD2398482C5A9B7E00D91363 /* Base in Resources */ = {isa = PBXBuildFile; fileRef = BD2398472C5A9B7E00D91363 /* Base */; };
		BD2398532C5A9B7E00D91363 /* LOLTests.swift in Sources */ = {isa = PBXBuildFile; fileRef = BD2398522C5A9B7E00D91363 /* LOLTests.swift */; };
		BD23985D2C5A9B7E00D91363 /* LOLUITests.swift in Sources */ = {isa = PBXBuildFile; fileRef = BD23985C2C5A9B7E00D91363 /* LOLUITests.swift */; };
		BD23985F2C5A9B7E00D91363 /* LOLUITestsLaunchTests.swift in Sources */ = {isa = PBXBuildFile; fileRef = BD23985E2C5A9B7E00D91363 /* LOLUITestsLaunchTests.swift */; };
		BD23986F2C5A9E2C00D91363 /* LaunchViewController.swift in Sources */ = {isa = PBXBuildFile; fileRef = BD23986E2C5A9E2C00D91363 /* LaunchViewController.swift */; };
		BD2398732C5A9EA100D91363 /* Loading.json in Resources */ = {isa = PBXBuildFile; fileRef = BD2398702C5A9EA100D91363 /* Loading.json */; };
		BD2398742C5A9EA100D91363 /* Mask.json in Resources */ = {isa = PBXBuildFile; fileRef = BD2398712C5A9EA100D91363 /* Mask.json */; };
		BD23987B2C5A9EE100D91363 /* CustomSegment.swift in Sources */ = {isa = PBXBuildFile; fileRef = BD2398752C5A9EE100D91363 /* CustomSegment.swift */; };
		BD23987C2C5A9EE100D91363 /* CustomTabBar.swift in Sources */ = {isa = PBXBuildFile; fileRef = BD2398762C5A9EE100D91363 /* CustomTabBar.swift */; };
		BD23987D2C5A9EE100D91363 /* Extension.swift in Sources */ = {isa = PBXBuildFile; fileRef = BD2398772C5A9EE100D91363 /* Extension.swift */; };
		BD23987E2C5A9EE100D91363 /* Switch.swift in Sources */ = {isa = PBXBuildFile; fileRef = BD2398782C5A9EE100D91363 /* Switch.swift */; };
		BD23988F2C5A9EE900D91363 /* BunnyFunny.ttf in Resources */ = {isa = PBXBuildFile; fileRef = BD2398802C5A9EE900D91363 /* BunnyFunny.ttf */; };
		BD2398902C5A9EE900D91363 /* CCKillJoy Italic.ttf in Resources */ = {isa = PBXBuildFile; fileRef = BD2398812C5A9EE900D91363 /* CCKillJoy Italic.ttf */; };
		BD2398912C5A9EE900D91363 /* Helvetica Rounded Bold.otf in Resources */ = {isa = PBXBuildFile; fileRef = BD2398822C5A9EE900D91363 /* Helvetica Rounded Bold.otf */; };
		BD2398922C5A9EE900D91363 /* HelveticaRoundedLTStd-Bd.ttf in Resources */ = {isa = PBXBuildFile; fileRef = BD2398832C5A9EE900D91363 /* HelveticaRoundedLTStd-Bd.ttf */; };
		BD2398932C5A9EE900D91363 /* Lato-Black.ttf in Resources */ = {isa = PBXBuildFile; fileRef = BD2398842C5A9EE900D91363 /* Lato-Black.ttf */; };
		BD2398942C5A9EE900D91363 /* Lato-Bold.ttf in Resources */ = {isa = PBXBuildFile; fileRef = BD2398852C5A9EE900D91363 /* Lato-Bold.ttf */; };
		BD2398952C5A9EE900D91363 /* Lato-ExtraBold.ttf in Resources */ = {isa = PBXBuildFile; fileRef = BD2398862C5A9EE900D91363 /* Lato-ExtraBold.ttf */; };
		BD2398962C5A9EE900D91363 /* Lato-Light.ttf in Resources */ = {isa = PBXBuildFile; fileRef = BD2398872C5A9EE900D91363 /* Lato-Light.ttf */; };
		BD2398972C5A9EE900D91363 /* Lato-Medium.ttf in Resources */ = {isa = PBXBuildFile; fileRef = BD2398882C5A9EE900D91363 /* Lato-Medium.ttf */; };
		BD2398982C5A9EE900D91363 /* Lato-Regular.ttf in Resources */ = {isa = PBXBuildFile; fileRef = BD2398892C5A9EE900D91363 /* Lato-Regular.ttf */; };
		BD2398992C5A9EE900D91363 /* Lato-SemiBold.ttf in Resources */ = {isa = PBXBuildFile; fileRef = BD23988A2C5A9EE900D91363 /* Lato-SemiBold.ttf */; };
		BD23989A2C5A9EE900D91363 /* Pure Joy.ttf in Resources */ = {isa = PBXBuildFile; fileRef = BD23988B2C5A9EE900D91363 /* Pure Joy.ttf */; };
		BD23989B2C5A9EE900D91363 /* SHOWG.TTF in Resources */ = {isa = PBXBuildFile; fileRef = BD23988C2C5A9EE900D91363 /* SHOWG.TTF */; };
		BD23989C2C5A9EE900D91363 /* Spider Monkey_PersonalUseOnly.ttf in Resources */ = {isa = PBXBuildFile; fileRef = BD23988D2C5A9EE900D91363 /* Spider Monkey_PersonalUseOnly.ttf */; };
		BD23989E2C5A9F6C00D91363 /* Color.xcassets in Resources */ = {isa = PBXBuildFile; fileRef = BD23989D2C5A9F6C00D91363 /* Color.xcassets */; };
		BD2398A02C5ABCBD00D91363 /* SignupViewController.swift in Sources */ = {isa = PBXBuildFile; fileRef = BD23989F2C5ABCBD00D91363 /* SignupViewController.swift */; };
		BD2398A22C5ACFF200D91363 /* PrivacyPolicyViewController.swift in Sources */ = {isa = PBXBuildFile; fileRef = BD2398A12C5ACFF200D91363 /* PrivacyPolicyViewController.swift */; };
		BD2398A42C5AE25800D91363 /* ProfileViewController.swift in Sources */ = {isa = PBXBuildFile; fileRef = BD2398A32C5AE25800D91363 /* ProfileViewController.swift */; };
		BD2398AB2C5AF0F300D91363 /* Model.swift in Sources */ = {isa = PBXBuildFile; fileRef = BD2398AA2C5AF0F300D91363 /* Model.swift */; };
		BD2398AE2C5AF12C00D91363 /* UserExitsViewModel.swift in Sources */ = {isa = PBXBuildFile; fileRef = BD2398AD2C5AF12C00D91363 /* UserExitsViewModel.swift */; };
		BD2398B12C5AF15800D91363 /* UserExitsAPI.swift in Sources */ = {isa = PBXBuildFile; fileRef = BD2398B02C5AF15800D91363 /* UserExitsAPI.swift */; };
		BD59B3D02C5D44D70061ABA8 /* AvtarBottomViewController.swift in Sources */ = {isa = PBXBuildFile; fileRef = BD59B3CF2C5D44D70061ABA8 /* AvtarBottomViewController.swift */; };
		BD59B3D32C5D4D7A0061ABA8 /* AvatarCollectionViewCell.swift in Sources */ = {isa = PBXBuildFile; fileRef = BD59B3D22C5D4D7A0061ABA8 /* AvatarCollectionViewCell.swift */; };
		BD59B3D52C5D4F730061ABA8 /* AvtarAPI.swift in Sources */ = {isa = PBXBuildFile; fileRef = BD59B3D42C5D4F730061ABA8 /* AvtarAPI.swift */; };
		BD59B3D72C5D4F900061ABA8 /* AvtarViewModel.swift in Sources */ = {isa = PBXBuildFile; fileRef = BD59B3D62C5D4F900061ABA8 /* AvtarViewModel.swift */; };
		BD59B3DD2C5D69A60061ABA8 /* NoDataBottomBarView.swift in Sources */ = {isa = PBXBuildFile; fileRef = BD59B3D82C5D69A60061ABA8 /* NoDataBottomBarView.swift */; };
		BD59B3DE2C5D69A60061ABA8 /* NoDataBottomBarView.xib in Resources */ = {isa = PBXBuildFile; fileRef = BD59B3D92C5D69A60061ABA8 /* NoDataBottomBarView.xib */; };
		BD59B3DF2C5D69A60061ABA8 /* NoInternetBottombarView.swift in Sources */ = {isa = PBXBuildFile; fileRef = BD59B3DA2C5D69A60061ABA8 /* NoInternetBottombarView.swift */; };
		BD59B3E02C5D69A60061ABA8 /* NoInternetBottombarView.xib in Resources */ = {isa = PBXBuildFile; fileRef = BD59B3DB2C5D69A60061ABA8 /* NoInternetBottombarView.xib */; };
		BD685B522C6679BB008F7806 /* ShareViewController.swift in Sources */ = {isa = PBXBuildFile; fileRef = BD685B512C6679BB008F7806 /* ShareViewController.swift */; };
		BD685B542C669BF6008F7806 /* AlertViewController.swift in Sources */ = {isa = PBXBuildFile; fileRef = BD685B532C669BF6008F7806 /* AlertViewController.swift */; };
		BD685B562C66AD17008F7806 /* CardQuestionAPI.swift in Sources */ = {isa = PBXBuildFile; fileRef = BD685B552C66AD17008F7806 /* CardQuestionAPI.swift */; };
		BD685B582C66ADC5008F7806 /* CardQuestionViewModel.swift in Sources */ = {isa = PBXBuildFile; fileRef = BD685B572C66ADC5008F7806 /* CardQuestionViewModel.swift */; };
		BD685B5A2C66D5E2008F7806 /* InboxViewController.swift in Sources */ = {isa = PBXBuildFile; fileRef = BD685B592C66D5E2008F7806 /* InboxViewController.swift */; };
		BD685B5C2C66D666008F7806 /* EditViewController.swift in Sources */ = {isa = PBXBuildFile; fileRef = BD685B5B2C66D666008F7806 /* EditViewController.swift */; };
		BD685B5E2C66D6A6008F7806 /* FormCollectionViewCell.swift in Sources */ = {isa = PBXBuildFile; fileRef = BD685B5D2C66D6A6008F7806 /* FormCollectionViewCell.swift */; };
		BD685B602C66E43D008F7806 /* EditTitleAPI.swift in Sources */ = {isa = PBXBuildFile; fileRef = BD685B5F2C66E43D008F7806 /* EditTitleAPI.swift */; };
		BD685B622C66E4F1008F7806 /* EditViewModel.swift in Sources */ = {isa = PBXBuildFile; fileRef = BD685B612C66E4F1008F7806 /* EditViewModel.swift */; };
		BDB402E62C613CCB00D26939 /* NoDataView.swift in Sources */ = {isa = PBXBuildFile; fileRef = BDB402E12C613CCB00D26939 /* NoDataView.swift */; };
		BDB402E72C613CCB00D26939 /* NoDataView.xib in Resources */ = {isa = PBXBuildFile; fileRef = BDB402E22C613CCB00D26939 /* NoDataView.xib */; };
		BDB402E82C613CCB00D26939 /* NoInternetView.swift in Sources */ = {isa = PBXBuildFile; fileRef = BDB402E32C613CCB00D26939 /* NoInternetView.swift */; };
		BDB402E92C613CCB00D26939 /* NoInternetView.xib in Resources */ = {isa = PBXBuildFile; fileRef = BDB402E42C613CCB00D26939 /* NoInternetView.xib */; };
		BDB402EB2C61475700D26939 /* NetworkManager.swift in Sources */ = {isa = PBXBuildFile; fileRef = BDB402EA2C61475700D26939 /* NetworkManager.swift */; };
		BDB402ED2C614CA900D26939 /* LanguageViewController.swift in Sources */ = {isa = PBXBuildFile; fileRef = BDB402EC2C614CA900D26939 /* LanguageViewController.swift */; };
		BDB402F52C61910500D26939 /* Localizable.strings in Resources */ = {isa = PBXBuildFile; fileRef = BDB402F32C61910500D26939 /* Localizable.strings */; };
		BDB402F82C61913600D26939 /* Main.storyboard in Resources */ = {isa = PBXBuildFile; fileRef = BD23983E2C5A9B7D00D91363 /* Main.storyboard */; };
		BDB403052C61A38C00D26939 /* HomeViewController.swift in Sources */ = {isa = PBXBuildFile; fileRef = BDB403042C61A38C00D26939 /* HomeViewController.swift */; };
		BDB403072C61A3AA00D26939 /* ProfileCollectionViewCell.swift in Sources */ = {isa = PBXBuildFile; fileRef = BDB403062C61A3AA00D26939 /* ProfileCollectionViewCell.swift */; };
		BDB403092C61A62800D26939 /* StaticFunction.swift in Sources */ = {isa = PBXBuildFile; fileRef = BDB403082C61A62800D26939 /* StaticFunction.swift */; };
		BDBC6F612C628D5900B1D17D /* RegisterAPI.swift in Sources */ = {isa = PBXBuildFile; fileRef = BDBC6F602C628D5900B1D17D /* RegisterAPI.swift */; };
		BDBC6F632C628DA600B1D17D /* RegisterViewModel.swift in Sources */ = {isa = PBXBuildFile; fileRef = BDBC6F622C628DA600B1D17D /* RegisterViewModel.swift */; };
		BDD672E82C65534100751DC4 /* GoogleService-Info.plist in Resources */ = {isa = PBXBuildFile; fileRef = BDD672E72C65534100751DC4 /* GoogleService-Info.plist */; };
		BDD672EA2C65762C00751DC4 /* CardQuestionViewController.swift in Sources */ = {isa = PBXBuildFile; fileRef = BDD672E92C65762C00751DC4 /* CardQuestionViewController.swift */; };
		BDD672EC2C65A83C00751DC4 /* CardQuestionCollectionViewCell.swift in Sources */ = {isa = PBXBuildFile; fileRef = BDD672EB2C65A83C00751DC4 /* CardQuestionCollectionViewCell.swift */; };
		BDFAE4ED2C5BF26E0014D3BE /* PrivacyPolicyText.swift in Sources */ = {isa = PBXBuildFile; fileRef = BDFAE4EC2C5BF26E0014D3BE /* PrivacyPolicyText.swift */; };
		C708DC9C7D4B2F7E851486C4 /* Pods_LOL_LOLUITests.framework in Frameworks */ = {isa = PBXBuildFile; fileRef = 89EA42619D638D47C374D8EC /* Pods_LOL_LOLUITests.framework */; };
		C7A95595D6BDA12F3B2D8AF6 /* Pods_LOL.framework in Frameworks */ = {isa = PBXBuildFile; fileRef = D4932C5A43A532287FEA9768 /* Pods_LOL.framework */; };
/* End PBXBuildFile section */

/* Begin PBXContainerItemProxy section */
		BD23984F2C5A9B7E00D91363 /* PBXContainerItemProxy */ = {
			isa = PBXContainerItemProxy;
			containerPortal = BD23982D2C5A9B7C00D91363 /* Project object */;
			proxyType = 1;
			remoteGlobalIDString = BD2398342C5A9B7C00D91363;
			remoteInfo = LOL;
		};
		BD2398592C5A9B7E00D91363 /* PBXContainerItemProxy */ = {
			isa = PBXContainerItemProxy;
			containerPortal = BD23982D2C5A9B7C00D91363 /* Project object */;
			proxyType = 1;
			remoteGlobalIDString = BD2398342C5A9B7C00D91363;
			remoteInfo = LOL;
		};
/* End PBXContainerItemProxy section */

/* Begin PBXFileReference section */
		5BD05A9B8403ABA103D05814 /* Pods-LOL.debug.xcconfig */ = {isa = PBXFileReference; includeInIndex = 1; lastKnownFileType = text.xcconfig; name = "Pods-LOL.debug.xcconfig"; path = "Target Support Files/Pods-LOL/Pods-LOL.debug.xcconfig"; sourceTree = "<group>"; };
		73CA0E639855886EF06DFA9A /* Pods-LOL-LOLUITests.debug.xcconfig */ = {isa = PBXFileReference; includeInIndex = 1; lastKnownFileType = text.xcconfig; name = "Pods-LOL-LOLUITests.debug.xcconfig"; path = "Target Support Files/Pods-LOL-LOLUITests/Pods-LOL-LOLUITests.debug.xcconfig"; sourceTree = "<group>"; };
		89EA42619D638D47C374D8EC /* Pods_LOL_LOLUITests.framework */ = {isa = PBXFileReference; explicitFileType = wrapper.framework; includeInIndex = 0; path = Pods_LOL_LOLUITests.framework; sourceTree = BUILT_PRODUCTS_DIR; };
		8B9AD8D1B6FA54F6A992D4A7 /* Pods-LOLTests.debug.xcconfig */ = {isa = PBXFileReference; includeInIndex = 1; lastKnownFileType = text.xcconfig; name = "Pods-LOLTests.debug.xcconfig"; path = "Target Support Files/Pods-LOLTests/Pods-LOLTests.debug.xcconfig"; sourceTree = "<group>"; };
		B8882432140672D491290A11 /* Pods-LOLTests.release.xcconfig */ = {isa = PBXFileReference; includeInIndex = 1; lastKnownFileType = text.xcconfig; name = "Pods-LOLTests.release.xcconfig"; path = "Target Support Files/Pods-LOLTests/Pods-LOLTests.release.xcconfig"; sourceTree = "<group>"; };
		BD2398352C5A9B7D00D91363 /* LOL.app */ = {isa = PBXFileReference; explicitFileType = wrapper.application; includeInIndex = 0; path = LOL.app; sourceTree = BUILT_PRODUCTS_DIR; };
		BD2398382C5A9B7D00D91363 /* AppDelegate.swift */ = {isa = PBXFileReference; lastKnownFileType = sourcecode.swift; path = AppDelegate.swift; sourceTree = "<group>"; };
		BD23983A2C5A9B7D00D91363 /* SceneDelegate.swift */ = {isa = PBXFileReference; lastKnownFileType = sourcecode.swift; path = SceneDelegate.swift; sourceTree = "<group>"; };
		BD23983F2C5A9B7D00D91363 /* Base */ = {isa = PBXFileReference; lastKnownFileType = file.storyboard; name = Base; path = Base.lproj/Main.storyboard; sourceTree = "<group>"; };
		BD2398422C5A9B7D00D91363 /* LOL.xcdatamodel */ = {isa = PBXFileReference; lastKnownFileType = wrapper.xcdatamodel; path = LOL.xcdatamodel; sourceTree = "<group>"; };
		BD2398442C5A9B7E00D91363 /* Assets.xcassets */ = {isa = PBXFileReference; lastKnownFileType = folder.assetcatalog; path = Assets.xcassets; sourceTree = "<group>"; };
		BD2398472C5A9B7E00D91363 /* Base */ = {isa = PBXFileReference; lastKnownFileType = file.storyboard; name = Base; path = Base.lproj/LaunchScreen.storyboard; sourceTree = "<group>"; };
		BD2398492C5A9B7E00D91363 /* Info.plist */ = {isa = PBXFileReference; lastKnownFileType = text.plist.xml; path = Info.plist; sourceTree = "<group>"; };
		BD23984E2C5A9B7E00D91363 /* LOLTests.xctest */ = {isa = PBXFileReference; explicitFileType = wrapper.cfbundle; includeInIndex = 0; path = LOLTests.xctest; sourceTree = BUILT_PRODUCTS_DIR; };
		BD2398522C5A9B7E00D91363 /* LOLTests.swift */ = {isa = PBXFileReference; lastKnownFileType = sourcecode.swift; path = LOLTests.swift; sourceTree = "<group>"; };
		BD2398582C5A9B7E00D91363 /* LOLUITests.xctest */ = {isa = PBXFileReference; explicitFileType = wrapper.cfbundle; includeInIndex = 0; path = LOLUITests.xctest; sourceTree = BUILT_PRODUCTS_DIR; };
		BD23985C2C5A9B7E00D91363 /* LOLUITests.swift */ = {isa = PBXFileReference; lastKnownFileType = sourcecode.swift; path = LOLUITests.swift; sourceTree = "<group>"; };
		BD23985E2C5A9B7E00D91363 /* LOLUITestsLaunchTests.swift */ = {isa = PBXFileReference; lastKnownFileType = sourcecode.swift; path = LOLUITestsLaunchTests.swift; sourceTree = "<group>"; };
		BD23986E2C5A9E2C00D91363 /* LaunchViewController.swift */ = {isa = PBXFileReference; lastKnownFileType = sourcecode.swift; path = LaunchViewController.swift; sourceTree = "<group>"; };
		BD2398702C5A9EA100D91363 /* Loading.json */ = {isa = PBXFileReference; fileEncoding = 4; lastKnownFileType = text.json; path = Loading.json; sourceTree = "<group>"; };
		BD2398712C5A9EA100D91363 /* Mask.json */ = {isa = PBXFileReference; fileEncoding = 4; lastKnownFileType = text.json; path = Mask.json; sourceTree = "<group>"; };
		BD2398752C5A9EE100D91363 /* CustomSegment.swift */ = {isa = PBXFileReference; fileEncoding = 4; lastKnownFileType = sourcecode.swift; path = CustomSegment.swift; sourceTree = "<group>"; };
		BD2398762C5A9EE100D91363 /* CustomTabBar.swift */ = {isa = PBXFileReference; fileEncoding = 4; lastKnownFileType = sourcecode.swift; path = CustomTabBar.swift; sourceTree = "<group>"; };
		BD2398772C5A9EE100D91363 /* Extension.swift */ = {isa = PBXFileReference; fileEncoding = 4; lastKnownFileType = sourcecode.swift; path = Extension.swift; sourceTree = "<group>"; };
		BD2398782C5A9EE100D91363 /* Switch.swift */ = {isa = PBXFileReference; fileEncoding = 4; lastKnownFileType = sourcecode.swift; path = Switch.swift; sourceTree = "<group>"; };
		BD2398802C5A9EE900D91363 /* BunnyFunny.ttf */ = {isa = PBXFileReference; lastKnownFileType = file; path = BunnyFunny.ttf; sourceTree = "<group>"; };
		BD2398812C5A9EE900D91363 /* CCKillJoy Italic.ttf */ = {isa = PBXFileReference; lastKnownFileType = file; path = "CCKillJoy Italic.ttf"; sourceTree = "<group>"; };
		BD2398822C5A9EE900D91363 /* Helvetica Rounded Bold.otf */ = {isa = PBXFileReference; lastKnownFileType = file; path = "Helvetica Rounded Bold.otf"; sourceTree = "<group>"; };
		BD2398832C5A9EE900D91363 /* HelveticaRoundedLTStd-Bd.ttf */ = {isa = PBXFileReference; lastKnownFileType = file; path = "HelveticaRoundedLTStd-Bd.ttf"; sourceTree = "<group>"; };
		BD2398842C5A9EE900D91363 /* Lato-Black.ttf */ = {isa = PBXFileReference; lastKnownFileType = file; path = "Lato-Black.ttf"; sourceTree = "<group>"; };
		BD2398852C5A9EE900D91363 /* Lato-Bold.ttf */ = {isa = PBXFileReference; lastKnownFileType = file; path = "Lato-Bold.ttf"; sourceTree = "<group>"; };
		BD2398862C5A9EE900D91363 /* Lato-ExtraBold.ttf */ = {isa = PBXFileReference; lastKnownFileType = file; path = "Lato-ExtraBold.ttf"; sourceTree = "<group>"; };
		BD2398872C5A9EE900D91363 /* Lato-Light.ttf */ = {isa = PBXFileReference; lastKnownFileType = file; path = "Lato-Light.ttf"; sourceTree = "<group>"; };
		BD2398882C5A9EE900D91363 /* Lato-Medium.ttf */ = {isa = PBXFileReference; lastKnownFileType = file; path = "Lato-Medium.ttf"; sourceTree = "<group>"; };
		BD2398892C5A9EE900D91363 /* Lato-Regular.ttf */ = {isa = PBXFileReference; lastKnownFileType = file; path = "Lato-Regular.ttf"; sourceTree = "<group>"; };
		BD23988A2C5A9EE900D91363 /* Lato-SemiBold.ttf */ = {isa = PBXFileReference; lastKnownFileType = file; path = "Lato-SemiBold.ttf"; sourceTree = "<group>"; };
		BD23988B2C5A9EE900D91363 /* Pure Joy.ttf */ = {isa = PBXFileReference; lastKnownFileType = file; path = "Pure Joy.ttf"; sourceTree = "<group>"; };
		BD23988C2C5A9EE900D91363 /* SHOWG.TTF */ = {isa = PBXFileReference; lastKnownFileType = file; path = SHOWG.TTF; sourceTree = "<group>"; };
		BD23988D2C5A9EE900D91363 /* Spider Monkey_PersonalUseOnly.ttf */ = {isa = PBXFileReference; lastKnownFileType = file; path = "Spider Monkey_PersonalUseOnly.ttf"; sourceTree = "<group>"; };
		BD23989D2C5A9F6C00D91363 /* Color.xcassets */ = {isa = PBXFileReference; lastKnownFileType = folder.assetcatalog; path = Color.xcassets; sourceTree = "<group>"; };
		BD23989F2C5ABCBD00D91363 /* SignupViewController.swift */ = {isa = PBXFileReference; lastKnownFileType = sourcecode.swift; path = SignupViewController.swift; sourceTree = "<group>"; };
		BD2398A12C5ACFF200D91363 /* PrivacyPolicyViewController.swift */ = {isa = PBXFileReference; lastKnownFileType = sourcecode.swift; path = PrivacyPolicyViewController.swift; sourceTree = "<group>"; };
		BD2398A32C5AE25800D91363 /* ProfileViewController.swift */ = {isa = PBXFileReference; lastKnownFileType = sourcecode.swift; path = ProfileViewController.swift; sourceTree = "<group>"; };
		BD2398AA2C5AF0F300D91363 /* Model.swift */ = {isa = PBXFileReference; lastKnownFileType = sourcecode.swift; path = Model.swift; sourceTree = "<group>"; };
		BD2398AD2C5AF12C00D91363 /* UserExitsViewModel.swift */ = {isa = PBXFileReference; lastKnownFileType = sourcecode.swift; path = UserExitsViewModel.swift; sourceTree = "<group>"; };
		BD2398B02C5AF15800D91363 /* UserExitsAPI.swift */ = {isa = PBXFileReference; lastKnownFileType = sourcecode.swift; path = UserExitsAPI.swift; sourceTree = "<group>"; };
		BD59B3CF2C5D44D70061ABA8 /* AvtarBottomViewController.swift */ = {isa = PBXFileReference; lastKnownFileType = sourcecode.swift; path = AvtarBottomViewController.swift; sourceTree = "<group>"; };
		BD59B3D22C5D4D7A0061ABA8 /* AvatarCollectionViewCell.swift */ = {isa = PBXFileReference; lastKnownFileType = sourcecode.swift; path = AvatarCollectionViewCell.swift; sourceTree = "<group>"; };
		BD59B3D42C5D4F730061ABA8 /* AvtarAPI.swift */ = {isa = PBXFileReference; lastKnownFileType = sourcecode.swift; path = AvtarAPI.swift; sourceTree = "<group>"; };
		BD59B3D62C5D4F900061ABA8 /* AvtarViewModel.swift */ = {isa = PBXFileReference; lastKnownFileType = sourcecode.swift; path = AvtarViewModel.swift; sourceTree = "<group>"; };
		BD59B3D82C5D69A60061ABA8 /* NoDataBottomBarView.swift */ = {isa = PBXFileReference; fileEncoding = 4; lastKnownFileType = sourcecode.swift; path = NoDataBottomBarView.swift; sourceTree = "<group>"; };
		BD59B3D92C5D69A60061ABA8 /* NoDataBottomBarView.xib */ = {isa = PBXFileReference; fileEncoding = 4; lastKnownFileType = file.xib; path = NoDataBottomBarView.xib; sourceTree = "<group>"; };
		BD59B3DA2C5D69A60061ABA8 /* NoInternetBottombarView.swift */ = {isa = PBXFileReference; fileEncoding = 4; lastKnownFileType = sourcecode.swift; path = NoInternetBottombarView.swift; sourceTree = "<group>"; };
		BD59B3DB2C5D69A60061ABA8 /* NoInternetBottombarView.xib */ = {isa = PBXFileReference; fileEncoding = 4; lastKnownFileType = file.xib; path = NoInternetBottombarView.xib; sourceTree = "<group>"; };
		BD685B512C6679BB008F7806 /* ShareViewController.swift */ = {isa = PBXFileReference; lastKnownFileType = sourcecode.swift; path = ShareViewController.swift; sourceTree = "<group>"; };
		BD685B532C669BF6008F7806 /* AlertViewController.swift */ = {isa = PBXFileReference; lastKnownFileType = sourcecode.swift; path = AlertViewController.swift; sourceTree = "<group>"; };
		BD685B552C66AD17008F7806 /* CardQuestionAPI.swift */ = {isa = PBXFileReference; lastKnownFileType = sourcecode.swift; path = CardQuestionAPI.swift; sourceTree = "<group>"; };
		BD685B572C66ADC5008F7806 /* CardQuestionViewModel.swift */ = {isa = PBXFileReference; lastKnownFileType = sourcecode.swift; path = CardQuestionViewModel.swift; sourceTree = "<group>"; };
		BD685B592C66D5E2008F7806 /* InboxViewController.swift */ = {isa = PBXFileReference; lastKnownFileType = sourcecode.swift; path = InboxViewController.swift; sourceTree = "<group>"; };
		BD685B5B2C66D666008F7806 /* EditViewController.swift */ = {isa = PBXFileReference; lastKnownFileType = sourcecode.swift; path = EditViewController.swift; sourceTree = "<group>"; };
		BD685B5D2C66D6A6008F7806 /* FormCollectionViewCell.swift */ = {isa = PBXFileReference; lastKnownFileType = sourcecode.swift; path = FormCollectionViewCell.swift; sourceTree = "<group>"; };
		BD685B5F2C66E43D008F7806 /* EditTitleAPI.swift */ = {isa = PBXFileReference; lastKnownFileType = sourcecode.swift; path = EditTitleAPI.swift; sourceTree = "<group>"; };
		BD685B612C66E4F1008F7806 /* EditViewModel.swift */ = {isa = PBXFileReference; lastKnownFileType = sourcecode.swift; path = EditViewModel.swift; sourceTree = "<group>"; };
		BDB402E12C613CCB00D26939 /* NoDataView.swift */ = {isa = PBXFileReference; fileEncoding = 4; lastKnownFileType = sourcecode.swift; path = NoDataView.swift; sourceTree = "<group>"; };
		BDB402E22C613CCB00D26939 /* NoDataView.xib */ = {isa = PBXFileReference; fileEncoding = 4; lastKnownFileType = file.xib; path = NoDataView.xib; sourceTree = "<group>"; };
		BDB402E32C613CCB00D26939 /* NoInternetView.swift */ = {isa = PBXFileReference; fileEncoding = 4; lastKnownFileType = sourcecode.swift; path = NoInternetView.swift; sourceTree = "<group>"; };
		BDB402E42C613CCB00D26939 /* NoInternetView.xib */ = {isa = PBXFileReference; fileEncoding = 4; lastKnownFileType = file.xib; path = NoInternetView.xib; sourceTree = "<group>"; };
		BDB402EA2C61475700D26939 /* NetworkManager.swift */ = {isa = PBXFileReference; lastKnownFileType = sourcecode.swift; path = NetworkManager.swift; sourceTree = "<group>"; };
		BDB402EC2C614CA900D26939 /* LanguageViewController.swift */ = {isa = PBXFileReference; lastKnownFileType = sourcecode.swift; path = LanguageViewController.swift; sourceTree = "<group>"; };
		BDB402F42C61910500D26939 /* en */ = {isa = PBXFileReference; lastKnownFileType = text.plist.strings; name = en; path = en.lproj/Localizable.strings; sourceTree = "<group>"; };
		BDB402F92C6191D800D26939 /* hi */ = {isa = PBXFileReference; lastKnownFileType = text.plist.strings; name = hi; path = hi.lproj/Main.strings; sourceTree = "<group>"; };
		BDB402FA2C6191D800D26939 /* hi */ = {isa = PBXFileReference; lastKnownFileType = text.plist.strings; name = hi; path = hi.lproj/Localizable.strings; sourceTree = "<group>"; };
		BDB402FB2C6191E700D26939 /* es */ = {isa = PBXFileReference; lastKnownFileType = text.plist.strings; name = es; path = es.lproj/Main.strings; sourceTree = "<group>"; };
		BDB402FC2C6191E700D26939 /* es */ = {isa = PBXFileReference; lastKnownFileType = text.plist.strings; name = es; path = es.lproj/Localizable.strings; sourceTree = "<group>"; };
		BDB402FD2C61920400D26939 /* ur */ = {isa = PBXFileReference; lastKnownFileType = text.plist.strings; name = ur; path = ur.lproj/Main.strings; sourceTree = "<group>"; };
		BDB402FE2C61920400D26939 /* ur */ = {isa = PBXFileReference; lastKnownFileType = text.plist.strings; name = ur; path = ur.lproj/Localizable.strings; sourceTree = "<group>"; };
		BDB402FF2C61920D00D26939 /* fr */ = {isa = PBXFileReference; lastKnownFileType = text.plist.strings; name = fr; path = fr.lproj/Main.strings; sourceTree = "<group>"; };
		BDB403002C61920D00D26939 /* fr */ = {isa = PBXFileReference; lastKnownFileType = text.plist.strings; name = fr; path = fr.lproj/Localizable.strings; sourceTree = "<group>"; };
		BDB403012C61926E00D26939 /* en */ = {isa = PBXFileReference; lastKnownFileType = text.plist.strings; name = en; path = en.lproj/Main.strings; sourceTree = "<group>"; };
		BDB403042C61A38C00D26939 /* HomeViewController.swift */ = {isa = PBXFileReference; lastKnownFileType = sourcecode.swift; path = HomeViewController.swift; sourceTree = "<group>"; };
		BDB403062C61A3AA00D26939 /* ProfileCollectionViewCell.swift */ = {isa = PBXFileReference; fileEncoding = 4; lastKnownFileType = sourcecode.swift; path = ProfileCollectionViewCell.swift; sourceTree = "<group>"; };
		BDB403082C61A62800D26939 /* StaticFunction.swift */ = {isa = PBXFileReference; lastKnownFileType = sourcecode.swift; path = StaticFunction.swift; sourceTree = "<group>"; };
		BDBC6F602C628D5900B1D17D /* RegisterAPI.swift */ = {isa = PBXFileReference; lastKnownFileType = sourcecode.swift; path = RegisterAPI.swift; sourceTree = "<group>"; };
		BDBC6F622C628DA600B1D17D /* RegisterViewModel.swift */ = {isa = PBXFileReference; lastKnownFileType = sourcecode.swift; path = RegisterViewModel.swift; sourceTree = "<group>"; };
		BDD672E72C65534100751DC4 /* GoogleService-Info.plist */ = {isa = PBXFileReference; fileEncoding = 4; lastKnownFileType = text.plist.xml; path = "GoogleService-Info.plist"; sourceTree = "<group>"; };
		BDD672E92C65762C00751DC4 /* CardQuestionViewController.swift */ = {isa = PBXFileReference; lastKnownFileType = sourcecode.swift; path = CardQuestionViewController.swift; sourceTree = "<group>"; };
		BDD672EB2C65A83C00751DC4 /* CardQuestionCollectionViewCell.swift */ = {isa = PBXFileReference; lastKnownFileType = sourcecode.swift; path = CardQuestionCollectionViewCell.swift; sourceTree = "<group>"; };
		BDFAE4EC2C5BF26E0014D3BE /* PrivacyPolicyText.swift */ = {isa = PBXFileReference; fileEncoding = 4; lastKnownFileType = sourcecode.swift; path = PrivacyPolicyText.swift; sourceTree = "<group>"; };
		C977EF8C1CCB68524EB3E4A2 /* Pods-LOL-LOLUITests.release.xcconfig */ = {isa = PBXFileReference; includeInIndex = 1; lastKnownFileType = text.xcconfig; name = "Pods-LOL-LOLUITests.release.xcconfig"; path = "Target Support Files/Pods-LOL-LOLUITests/Pods-LOL-LOLUITests.release.xcconfig"; sourceTree = "<group>"; };
		CD02035B775576A34317BF92 /* Pods_LOLTests.framework */ = {isa = PBXFileReference; explicitFileType = wrapper.framework; includeInIndex = 0; path = Pods_LOLTests.framework; sourceTree = BUILT_PRODUCTS_DIR; };
		D4932C5A43A532287FEA9768 /* Pods_LOL.framework */ = {isa = PBXFileReference; explicitFileType = wrapper.framework; includeInIndex = 0; path = Pods_LOL.framework; sourceTree = BUILT_PRODUCTS_DIR; };
		F2A1CCCB1158854C787ABA39 /* Pods-LOL.release.xcconfig */ = {isa = PBXFileReference; includeInIndex = 1; lastKnownFileType = text.xcconfig; name = "Pods-LOL.release.xcconfig"; path = "Target Support Files/Pods-LOL/Pods-LOL.release.xcconfig"; sourceTree = "<group>"; };
/* End PBXFileReference section */

/* Begin PBXFrameworksBuildPhase section */
		BD2398322C5A9B7C00D91363 /* Frameworks */ = {
			isa = PBXFrameworksBuildPhase;
			buildActionMask = 2147483647;
			files = (
				C7A95595D6BDA12F3B2D8AF6 /* Pods_LOL.framework in Frameworks */,
			);
			runOnlyForDeploymentPostprocessing = 0;
		};
		BD23984B2C5A9B7E00D91363 /* Frameworks */ = {
			isa = PBXFrameworksBuildPhase;
			buildActionMask = 2147483647;
			files = (
				2694AA39DBC062E97F1F1511 /* Pods_LOLTests.framework in Frameworks */,
			);
			runOnlyForDeploymentPostprocessing = 0;
		};
		BD2398552C5A9B7E00D91363 /* Frameworks */ = {
			isa = PBXFrameworksBuildPhase;
			buildActionMask = 2147483647;
			files = (
				C708DC9C7D4B2F7E851486C4 /* Pods_LOL_LOLUITests.framework in Frameworks */,
			);
			runOnlyForDeploymentPostprocessing = 0;
		};
/* End PBXFrameworksBuildPhase section */

/* Begin PBXGroup section */
		39EEBACF33B2EFFBF0B01C54 /* Pods */ = {
			isa = PBXGroup;
			children = (
				5BD05A9B8403ABA103D05814 /* Pods-LOL.debug.xcconfig */,
				F2A1CCCB1158854C787ABA39 /* Pods-LOL.release.xcconfig */,
				73CA0E639855886EF06DFA9A /* Pods-LOL-LOLUITests.debug.xcconfig */,
				C977EF8C1CCB68524EB3E4A2 /* Pods-LOL-LOLUITests.release.xcconfig */,
				8B9AD8D1B6FA54F6A992D4A7 /* Pods-LOLTests.debug.xcconfig */,
				B8882432140672D491290A11 /* Pods-LOLTests.release.xcconfig */,
			);
			path = Pods;
			sourceTree = "<group>";
		};
		A0A1360E709BB0C840792967 /* Frameworks */ = {
			isa = PBXGroup;
			children = (
				D4932C5A43A532287FEA9768 /* Pods_LOL.framework */,
				89EA42619D638D47C374D8EC /* Pods_LOL_LOLUITests.framework */,
				CD02035B775576A34317BF92 /* Pods_LOLTests.framework */,
			);
			name = Frameworks;
			sourceTree = "<group>";
		};
		BD23982C2C5A9B7C00D91363 = {
			isa = PBXGroup;
			children = (
				BD2398372C5A9B7D00D91363 /* LOL */,
				BD2398512C5A9B7E00D91363 /* LOLTests */,
				BD23985B2C5A9B7E00D91363 /* LOLUITests */,
				BD2398362C5A9B7D00D91363 /* Products */,
				39EEBACF33B2EFFBF0B01C54 /* Pods */,
				A0A1360E709BB0C840792967 /* Frameworks */,
			);
			sourceTree = "<group>";
		};
		BD2398362C5A9B7D00D91363 /* Products */ = {
			isa = PBXGroup;
			children = (
				BD2398352C5A9B7D00D91363 /* LOL.app */,
				BD23984E2C5A9B7E00D91363 /* LOLTests.xctest */,
				BD2398582C5A9B7E00D91363 /* LOLUITests.xctest */,
			);
			name = Products;
			sourceTree = "<group>";
		};
		BD2398372C5A9B7D00D91363 /* LOL */ = {
			isa = PBXGroup;
			children = (
				BD23986B2C5A9BF200D91363 /* Delegate */,
				BD2398722C5A9EA100D91363 /* LottieJson */,
				BD23988E2C5A9EE900D91363 /* Lato Font */,
				BD23987A2C5A9EE100D91363 /* Extension */,
				BD2398A92C5AF0E700D91363 /* Model */,
				BD2398AF2C5AF13B00D91363 /* API Manager */,
				BD2398AC2C5AF10600D91363 /* View Model */,
				BD23986D2C5A9C0900D91363 /* View */,
				BD23986C2C5A9C0000D91363 /* Controller */,
				BDB402F32C61910500D26939 /* Localizable.strings */,
				BD2398442C5A9B7E00D91363 /* Assets.xcassets */,
				BD23989D2C5A9F6C00D91363 /* Color.xcassets */,
				BD2398492C5A9B7E00D91363 /* Info.plist */,
				BDD672E72C65534100751DC4 /* GoogleService-Info.plist */,
				BD2398412C5A9B7D00D91363 /* LOL.xcdatamodeld */,
			);
			path = LOL;
			sourceTree = "<group>";
		};
		BD2398512C5A9B7E00D91363 /* LOLTests */ = {
			isa = PBXGroup;
			children = (
				BD2398522C5A9B7E00D91363 /* LOLTests.swift */,
			);
			path = LOLTests;
			sourceTree = "<group>";
		};
		BD23985B2C5A9B7E00D91363 /* LOLUITests */ = {
			isa = PBXGroup;
			children = (
				BD23985C2C5A9B7E00D91363 /* LOLUITests.swift */,
				BD23985E2C5A9B7E00D91363 /* LOLUITestsLaunchTests.swift */,
			);
			path = LOLUITests;
			sourceTree = "<group>";
		};
		BD23986B2C5A9BF200D91363 /* Delegate */ = {
			isa = PBXGroup;
			children = (
				BD2398382C5A9B7D00D91363 /* AppDelegate.swift */,
				BD23983A2C5A9B7D00D91363 /* SceneDelegate.swift */,
			);
			path = Delegate;
			sourceTree = "<group>";
		};
		BD23986C2C5A9C0000D91363 /* Controller */ = {
			isa = PBXGroup;
			children = (
				BD23986E2C5A9E2C00D91363 /* LaunchViewController.swift */,
				BD23989F2C5ABCBD00D91363 /* SignupViewController.swift */,
				BD2398A12C5ACFF200D91363 /* PrivacyPolicyViewController.swift */,
				BD2398A32C5AE25800D91363 /* ProfileViewController.swift */,
				BD59B3CF2C5D44D70061ABA8 /* AvtarBottomViewController.swift */,
				BDB402EC2C614CA900D26939 /* LanguageViewController.swift */,
				BDB403042C61A38C00D26939 /* HomeViewController.swift */,
				BDD672E92C65762C00751DC4 /* CardQuestionViewController.swift */,
				BD685B512C6679BB008F7806 /* ShareViewController.swift */,
				BD685B532C669BF6008F7806 /* AlertViewController.swift */,
				BD685B592C66D5E2008F7806 /* InboxViewController.swift */,
				BD685B5B2C66D666008F7806 /* EditViewController.swift */,
			);
			path = Controller;
			sourceTree = "<group>";
		};
		BD23986D2C5A9C0900D91363 /* View */ = {
			isa = PBXGroup;
			children = (
				BD59B3DC2C5D69A60061ABA8 /* XIB */,
				BD59B3D12C5D4D650061ABA8 /* Cell */,
				BD23983E2C5A9B7D00D91363 /* Main.storyboard */,
				BD2398462C5A9B7E00D91363 /* LaunchScreen.storyboard */,
			);
			path = View;
			sourceTree = "<group>";
		};
		BD2398722C5A9EA100D91363 /* LottieJson */ = {
			isa = PBXGroup;
			children = (
				BD2398702C5A9EA100D91363 /* Loading.json */,
				BD2398712C5A9EA100D91363 /* Mask.json */,
			);
			path = LottieJson;
			sourceTree = "<group>";
		};
		BD23987A2C5A9EE100D91363 /* Extension */ = {
			isa = PBXGroup;
			children = (
				BD2398752C5A9EE100D91363 /* CustomSegment.swift */,
				BD2398762C5A9EE100D91363 /* CustomTabBar.swift */,
				BD2398772C5A9EE100D91363 /* Extension.swift */,
				BD2398782C5A9EE100D91363 /* Switch.swift */,
				BDFAE4EC2C5BF26E0014D3BE /* PrivacyPolicyText.swift */,
				BDB402EA2C61475700D26939 /* NetworkManager.swift */,
				BDB403082C61A62800D26939 /* StaticFunction.swift */,
			);
			path = Extension;
			sourceTree = "<group>";
		};
		BD23988E2C5A9EE900D91363 /* Lato Font */ = {
			isa = PBXGroup;
			children = (
				BD2398802C5A9EE900D91363 /* BunnyFunny.ttf */,
				BD2398812C5A9EE900D91363 /* CCKillJoy Italic.ttf */,
				BD2398822C5A9EE900D91363 /* Helvetica Rounded Bold.otf */,
				BD2398832C5A9EE900D91363 /* HelveticaRoundedLTStd-Bd.ttf */,
				BD2398842C5A9EE900D91363 /* Lato-Black.ttf */,
				BD2398852C5A9EE900D91363 /* Lato-Bold.ttf */,
				BD2398862C5A9EE900D91363 /* Lato-ExtraBold.ttf */,
				BD2398872C5A9EE900D91363 /* Lato-Light.ttf */,
				BD2398882C5A9EE900D91363 /* Lato-Medium.ttf */,
				BD2398892C5A9EE900D91363 /* Lato-Regular.ttf */,
				BD23988A2C5A9EE900D91363 /* Lato-SemiBold.ttf */,
				BD23988B2C5A9EE900D91363 /* Pure Joy.ttf */,
				BD23988C2C5A9EE900D91363 /* SHOWG.TTF */,
				BD23988D2C5A9EE900D91363 /* Spider Monkey_PersonalUseOnly.ttf */,
			);
			path = "Lato Font";
			sourceTree = "<group>";
		};
		BD2398A92C5AF0E700D91363 /* Model */ = {
			isa = PBXGroup;
			children = (
				BD2398AA2C5AF0F300D91363 /* Model.swift */,
			);
			path = Model;
			sourceTree = "<group>";
		};
		BD2398AC2C5AF10600D91363 /* View Model */ = {
			isa = PBXGroup;
			children = (
				BD2398AD2C5AF12C00D91363 /* UserExitsViewModel.swift */,
				BD59B3D62C5D4F900061ABA8 /* AvtarViewModel.swift */,
				BDBC6F622C628DA600B1D17D /* RegisterViewModel.swift */,
				BD685B572C66ADC5008F7806 /* CardQuestionViewModel.swift */,
				BD685B612C66E4F1008F7806 /* EditViewModel.swift */,
			);
			path = "View Model";
			sourceTree = "<group>";
		};
		BD2398AF2C5AF13B00D91363 /* API Manager */ = {
			isa = PBXGroup;
			children = (
				BD2398B02C5AF15800D91363 /* UserExitsAPI.swift */,
				BD59B3D42C5D4F730061ABA8 /* AvtarAPI.swift */,
				BDBC6F602C628D5900B1D17D /* RegisterAPI.swift */,
				BD685B552C66AD17008F7806 /* CardQuestionAPI.swift */,
				BD685B5F2C66E43D008F7806 /* EditTitleAPI.swift */,
			);
			path = "API Manager";
			sourceTree = "<group>";
		};
		BD59B3D12C5D4D650061ABA8 /* Cell */ = {
			isa = PBXGroup;
			children = (
				BD59B3D22C5D4D7A0061ABA8 /* AvatarCollectionViewCell.swift */,
				BDB403062C61A3AA00D26939 /* ProfileCollectionViewCell.swift */,
				BDD672EB2C65A83C00751DC4 /* CardQuestionCollectionViewCell.swift */,
				BD685B5D2C66D6A6008F7806 /* FormCollectionViewCell.swift */,
			);
			path = Cell;
			sourceTree = "<group>";
		};
		BD59B3DC2C5D69A60061ABA8 /* XIB */ = {
			isa = PBXGroup;
			children = (
				BDB402E12C613CCB00D26939 /* NoDataView.swift */,
				BDB402E22C613CCB00D26939 /* NoDataView.xib */,
				BDB402E32C613CCB00D26939 /* NoInternetView.swift */,
				BDB402E42C613CCB00D26939 /* NoInternetView.xib */,
				BDB402E52C613CCB00D26939 /* BottombarXIB */,
			);
			path = XIB;
			sourceTree = "<group>";
		};
		BDB402E52C613CCB00D26939 /* BottombarXIB */ = {
			isa = PBXGroup;
			children = (
				BD59B3D82C5D69A60061ABA8 /* NoDataBottomBarView.swift */,
				BD59B3D92C5D69A60061ABA8 /* NoDataBottomBarView.xib */,
				BD59B3DA2C5D69A60061ABA8 /* NoInternetBottombarView.swift */,
				BD59B3DB2C5D69A60061ABA8 /* NoInternetBottombarView.xib */,
			);
			path = BottombarXIB;
			sourceTree = "<group>";
		};
/* End PBXGroup section */

/* Begin PBXNativeTarget section */
		BD2398342C5A9B7C00D91363 /* LOL */ = {
			isa = PBXNativeTarget;
			buildConfigurationList = BD2398622C5A9B7E00D91363 /* Build configuration list for PBXNativeTarget "LOL" */;
			buildPhases = (
				474305A6FE382990BDCDBCDD /* [CP] Check Pods Manifest.lock */,
				BD2398312C5A9B7C00D91363 /* Sources */,
				BD2398322C5A9B7C00D91363 /* Frameworks */,
				BD2398332C5A9B7C00D91363 /* Resources */,
				1E5E0F26FD6D76CBB116698F /* [CP] Embed Pods Frameworks */,
				62C4F2F48B2CAF8C403F6266 /* [CP] Copy Pods Resources */,
			);
			buildRules = (
			);
			dependencies = (
			);
			name = LOL;
			productName = LOL;
			productReference = BD2398352C5A9B7D00D91363 /* LOL.app */;
			productType = "com.apple.product-type.application";
		};
		BD23984D2C5A9B7E00D91363 /* LOLTests */ = {
			isa = PBXNativeTarget;
			buildConfigurationList = BD2398652C5A9B7E00D91363 /* Build configuration list for PBXNativeTarget "LOLTests" */;
			buildPhases = (
				D39EFCFACCCE2F9C5F02710C /* [CP] Check Pods Manifest.lock */,
				BD23984A2C5A9B7E00D91363 /* Sources */,
				BD23984B2C5A9B7E00D91363 /* Frameworks */,
				BD23984C2C5A9B7E00D91363 /* Resources */,
			);
			buildRules = (
			);
			dependencies = (
				BD2398502C5A9B7E00D91363 /* PBXTargetDependency */,
			);
			name = LOLTests;
			productName = LOLTests;
			productReference = BD23984E2C5A9B7E00D91363 /* LOLTests.xctest */;
			productType = "com.apple.product-type.bundle.unit-test";
		};
		BD2398572C5A9B7E00D91363 /* LOLUITests */ = {
			isa = PBXNativeTarget;
			buildConfigurationList = BD2398682C5A9B7E00D91363 /* Build configuration list for PBXNativeTarget "LOLUITests" */;
			buildPhases = (
				6C9F40869DF5372F6CBC5FE7 /* [CP] Check Pods Manifest.lock */,
				BD2398542C5A9B7E00D91363 /* Sources */,
				BD2398552C5A9B7E00D91363 /* Frameworks */,
				BD2398562C5A9B7E00D91363 /* Resources */,
				9768EF37293DFEE15D9D375D /* [CP] Embed Pods Frameworks */,
				2767B92CD1F05E7BD2DFAED0 /* [CP] Copy Pods Resources */,
			);
			buildRules = (
			);
			dependencies = (
				BD23985A2C5A9B7E00D91363 /* PBXTargetDependency */,
			);
			name = LOLUITests;
			productName = LOLUITests;
			productReference = BD2398582C5A9B7E00D91363 /* LOLUITests.xctest */;
			productType = "com.apple.product-type.bundle.ui-testing";
		};
/* End PBXNativeTarget section */

/* Begin PBXProject section */
		BD23982D2C5A9B7C00D91363 /* Project object */ = {
			isa = PBXProject;
			attributes = {
				BuildIndependentTargetsInParallel = 1;
				LastSwiftUpdateCheck = 1530;
				LastUpgradeCheck = 1530;
				TargetAttributes = {
					BD2398342C5A9B7C00D91363 = {
						CreatedOnToolsVersion = 15.3;
					};
					BD23984D2C5A9B7E00D91363 = {
						CreatedOnToolsVersion = 15.3;
						TestTargetID = BD2398342C5A9B7C00D91363;
					};
					BD2398572C5A9B7E00D91363 = {
						CreatedOnToolsVersion = 15.3;
						TestTargetID = BD2398342C5A9B7C00D91363;
					};
				};
			};
			buildConfigurationList = BD2398302C5A9B7C00D91363 /* Build configuration list for PBXProject "LOL" */;
			compatibilityVersion = "Xcode 14.0";
			developmentRegion = en;
			hasScannedForEncodings = 0;
			knownRegions = (
				en,
				Base,
				hi,
				es,
				ur,
				fr,
			);
			mainGroup = BD23982C2C5A9B7C00D91363;
			productRefGroup = BD2398362C5A9B7D00D91363 /* Products */;
			projectDirPath = "";
			projectRoot = "";
			targets = (
				BD2398342C5A9B7C00D91363 /* LOL */,
				BD23984D2C5A9B7E00D91363 /* LOLTests */,
				BD2398572C5A9B7E00D91363 /* LOLUITests */,
			);
		};
/* End PBXProject section */

/* Begin PBXResourcesBuildPhase section */
		BD2398332C5A9B7C00D91363 /* Resources */ = {
			isa = PBXResourcesBuildPhase;
			buildActionMask = 2147483647;
			files = (
				BD2398952C5A9EE900D91363 /* Lato-ExtraBold.ttf in Resources */,
				BD2398962C5A9EE900D91363 /* Lato-Light.ttf in Resources */,
				BD2398942C5A9EE900D91363 /* Lato-Bold.ttf in Resources */,
				BD23989C2C5A9EE900D91363 /* Spider Monkey_PersonalUseOnly.ttf in Resources */,
				BDB402E72C613CCB00D26939 /* NoDataView.xib in Resources */,
				BD23989A2C5A9EE900D91363 /* Pure Joy.ttf in Resources */,
				BD2398912C5A9EE900D91363 /* Helvetica Rounded Bold.otf in Resources */,
				BDB402F82C61913600D26939 /* Main.storyboard in Resources */,
				BD59B3E02C5D69A60061ABA8 /* NoInternetBottombarView.xib in Resources */,
				BD59B3DE2C5D69A60061ABA8 /* NoDataBottomBarView.xib in Resources */,
				BD2398922C5A9EE900D91363 /* HelveticaRoundedLTStd-Bd.ttf in Resources */,
				BDD672E82C65534100751DC4 /* GoogleService-Info.plist in Resources */,
				BDB402F52C61910500D26939 /* Localizable.strings in Resources */,
				BD2398972C5A9EE900D91363 /* Lato-Medium.ttf in Resources */,
				BD23988F2C5A9EE900D91363 /* BunnyFunny.ttf in Resources */,
				BDB402E92C613CCB00D26939 /* NoInternetView.xib in Resources */,
				BD2398982C5A9EE900D91363 /* Lato-Regular.ttf in Resources */,
				BD2398902C5A9EE900D91363 /* CCKillJoy Italic.ttf in Resources */,
				BD2398992C5A9EE900D91363 /* Lato-SemiBold.ttf in Resources */,
				BD2398452C5A9B7E00D91363 /* Assets.xcassets in Resources */,
				BD2398482C5A9B7E00D91363 /* Base in Resources */,
				BD2398742C5A9EA100D91363 /* Mask.json in Resources */,
				BD2398732C5A9EA100D91363 /* Loading.json in Resources */,
				BD23989B2C5A9EE900D91363 /* SHOWG.TTF in Resources */,
				BD23989E2C5A9F6C00D91363 /* Color.xcassets in Resources */,
				BD2398932C5A9EE900D91363 /* Lato-Black.ttf in Resources */,
				BD2398402C5A9B7D00D91363 /* Base in Resources */,
			);
			runOnlyForDeploymentPostprocessing = 0;
		};
		BD23984C2C5A9B7E00D91363 /* Resources */ = {
			isa = PBXResourcesBuildPhase;
			buildActionMask = 2147483647;
			files = (
			);
			runOnlyForDeploymentPostprocessing = 0;
		};
		BD2398562C5A9B7E00D91363 /* Resources */ = {
			isa = PBXResourcesBuildPhase;
			buildActionMask = 2147483647;
			files = (
			);
			runOnlyForDeploymentPostprocessing = 0;
		};
/* End PBXResourcesBuildPhase section */

/* Begin PBXShellScriptBuildPhase section */
		1E5E0F26FD6D76CBB116698F /* [CP] Embed Pods Frameworks */ = {
			isa = PBXShellScriptBuildPhase;
			buildActionMask = 2147483647;
			files = (
			);
			inputFileListPaths = (
				"${PODS_ROOT}/Target Support Files/Pods-LOL/Pods-LOL-frameworks-${CONFIGURATION}-input-files.xcfilelist",
			);
			name = "[CP] Embed Pods Frameworks";
			outputFileListPaths = (
				"${PODS_ROOT}/Target Support Files/Pods-LOL/Pods-LOL-frameworks-${CONFIGURATION}-output-files.xcfilelist",
			);
			runOnlyForDeploymentPostprocessing = 0;
			shellPath = /bin/sh;
			shellScript = "\"${PODS_ROOT}/Target Support Files/Pods-LOL/Pods-LOL-frameworks.sh\"\n";
			showEnvVarsInLog = 0;
		};
		2767B92CD1F05E7BD2DFAED0 /* [CP] Copy Pods Resources */ = {
			isa = PBXShellScriptBuildPhase;
			buildActionMask = 2147483647;
			files = (
			);
			inputFileListPaths = (
				"${PODS_ROOT}/Target Support Files/Pods-LOL-LOLUITests/Pods-LOL-LOLUITests-resources-${CONFIGURATION}-input-files.xcfilelist",
			);
			name = "[CP] Copy Pods Resources";
			outputFileListPaths = (
				"${PODS_ROOT}/Target Support Files/Pods-LOL-LOLUITests/Pods-LOL-LOLUITests-resources-${CONFIGURATION}-output-files.xcfilelist",
			);
			runOnlyForDeploymentPostprocessing = 0;
			shellPath = /bin/sh;
			shellScript = "\"${PODS_ROOT}/Target Support Files/Pods-LOL-LOLUITests/Pods-LOL-LOLUITests-resources.sh\"\n";
			showEnvVarsInLog = 0;
		};
		474305A6FE382990BDCDBCDD /* [CP] Check Pods Manifest.lock */ = {
			isa = PBXShellScriptBuildPhase;
			buildActionMask = 2147483647;
			files = (
			);
			inputFileListPaths = (
			);
			inputPaths = (
				"${PODS_PODFILE_DIR_PATH}/Podfile.lock",
				"${PODS_ROOT}/Manifest.lock",
			);
			name = "[CP] Check Pods Manifest.lock";
			outputFileListPaths = (
			);
			outputPaths = (
				"$(DERIVED_FILE_DIR)/Pods-LOL-checkManifestLockResult.txt",
			);
			runOnlyForDeploymentPostprocessing = 0;
			shellPath = /bin/sh;
			shellScript = "diff \"${PODS_PODFILE_DIR_PATH}/Podfile.lock\" \"${PODS_ROOT}/Manifest.lock\" > /dev/null\nif [ $? != 0 ] ; then\n    # print error to STDERR\n    echo \"error: The sandbox is not in sync with the Podfile.lock. Run 'pod install' or update your CocoaPods installation.\" >&2\n    exit 1\nfi\n# This output is used by Xcode 'outputs' to avoid re-running this script phase.\necho \"SUCCESS\" > \"${SCRIPT_OUTPUT_FILE_0}\"\n";
			showEnvVarsInLog = 0;
		};
		62C4F2F48B2CAF8C403F6266 /* [CP] Copy Pods Resources */ = {
			isa = PBXShellScriptBuildPhase;
			buildActionMask = 2147483647;
			files = (
			);
			inputFileListPaths = (
				"${PODS_ROOT}/Target Support Files/Pods-LOL/Pods-LOL-resources-${CONFIGURATION}-input-files.xcfilelist",
			);
			name = "[CP] Copy Pods Resources";
			outputFileListPaths = (
				"${PODS_ROOT}/Target Support Files/Pods-LOL/Pods-LOL-resources-${CONFIGURATION}-output-files.xcfilelist",
			);
			runOnlyForDeploymentPostprocessing = 0;
			shellPath = /bin/sh;
			shellScript = "\"${PODS_ROOT}/Target Support Files/Pods-LOL/Pods-LOL-resources.sh\"\n";
			showEnvVarsInLog = 0;
		};
		6C9F40869DF5372F6CBC5FE7 /* [CP] Check Pods Manifest.lock */ = {
			isa = PBXShellScriptBuildPhase;
			buildActionMask = 2147483647;
			files = (
			);
			inputFileListPaths = (
			);
			inputPaths = (
				"${PODS_PODFILE_DIR_PATH}/Podfile.lock",
				"${PODS_ROOT}/Manifest.lock",
			);
			name = "[CP] Check Pods Manifest.lock";
			outputFileListPaths = (
			);
			outputPaths = (
				"$(DERIVED_FILE_DIR)/Pods-LOL-LOLUITests-checkManifestLockResult.txt",
			);
			runOnlyForDeploymentPostprocessing = 0;
			shellPath = /bin/sh;
			shellScript = "diff \"${PODS_PODFILE_DIR_PATH}/Podfile.lock\" \"${PODS_ROOT}/Manifest.lock\" > /dev/null\nif [ $? != 0 ] ; then\n    # print error to STDERR\n    echo \"error: The sandbox is not in sync with the Podfile.lock. Run 'pod install' or update your CocoaPods installation.\" >&2\n    exit 1\nfi\n# This output is used by Xcode 'outputs' to avoid re-running this script phase.\necho \"SUCCESS\" > \"${SCRIPT_OUTPUT_FILE_0}\"\n";
			showEnvVarsInLog = 0;
		};
		9768EF37293DFEE15D9D375D /* [CP] Embed Pods Frameworks */ = {
			isa = PBXShellScriptBuildPhase;
			buildActionMask = 2147483647;
			files = (
			);
			inputFileListPaths = (
				"${PODS_ROOT}/Target Support Files/Pods-LOL-LOLUITests/Pods-LOL-LOLUITests-frameworks-${CONFIGURATION}-input-files.xcfilelist",
			);
			name = "[CP] Embed Pods Frameworks";
			outputFileListPaths = (
				"${PODS_ROOT}/Target Support Files/Pods-LOL-LOLUITests/Pods-LOL-LOLUITests-frameworks-${CONFIGURATION}-output-files.xcfilelist",
			);
			runOnlyForDeploymentPostprocessing = 0;
			shellPath = /bin/sh;
			shellScript = "\"${PODS_ROOT}/Target Support Files/Pods-LOL-LOLUITests/Pods-LOL-LOLUITests-frameworks.sh\"\n";
			showEnvVarsInLog = 0;
		};
		D39EFCFACCCE2F9C5F02710C /* [CP] Check Pods Manifest.lock */ = {
			isa = PBXShellScriptBuildPhase;
			buildActionMask = 2147483647;
			files = (
			);
			inputFileListPaths = (
			);
			inputPaths = (
				"${PODS_PODFILE_DIR_PATH}/Podfile.lock",
				"${PODS_ROOT}/Manifest.lock",
			);
			name = "[CP] Check Pods Manifest.lock";
			outputFileListPaths = (
			);
			outputPaths = (
				"$(DERIVED_FILE_DIR)/Pods-LOLTests-checkManifestLockResult.txt",
			);
			runOnlyForDeploymentPostprocessing = 0;
			shellPath = /bin/sh;
			shellScript = "diff \"${PODS_PODFILE_DIR_PATH}/Podfile.lock\" \"${PODS_ROOT}/Manifest.lock\" > /dev/null\nif [ $? != 0 ] ; then\n    # print error to STDERR\n    echo \"error: The sandbox is not in sync with the Podfile.lock. Run 'pod install' or update your CocoaPods installation.\" >&2\n    exit 1\nfi\n# This output is used by Xcode 'outputs' to avoid re-running this script phase.\necho \"SUCCESS\" > \"${SCRIPT_OUTPUT_FILE_0}\"\n";
			showEnvVarsInLog = 0;
		};
/* End PBXShellScriptBuildPhase section */

/* Begin PBXSourcesBuildPhase section */
		BD2398312C5A9B7C00D91363 /* Sources */ = {
			isa = PBXSourcesBuildPhase;
			buildActionMask = 2147483647;
			files = (
				BD2398392C5A9B7D00D91363 /* AppDelegate.swift in Sources */,
				BD2398AE2C5AF12C00D91363 /* UserExitsViewModel.swift in Sources */,
				BD2398A22C5ACFF200D91363 /* PrivacyPolicyViewController.swift in Sources */,
				BD685B602C66E43D008F7806 /* EditTitleAPI.swift in Sources */,
				BD685B562C66AD17008F7806 /* CardQuestionAPI.swift in Sources */,
				BD685B5C2C66D666008F7806 /* EditViewController.swift in Sources */,
				BDBC6F632C628DA600B1D17D /* RegisterViewModel.swift in Sources */,
				BD685B5E2C66D6A6008F7806 /* FormCollectionViewCell.swift in Sources */,
				BD23987E2C5A9EE100D91363 /* Switch.swift in Sources */,
				BDB403072C61A3AA00D26939 /* ProfileCollectionViewCell.swift in Sources */,
				BD2398A02C5ABCBD00D91363 /* SignupViewController.swift in Sources */,
				BD59B3D32C5D4D7A0061ABA8 /* AvatarCollectionViewCell.swift in Sources */,
				BD685B542C669BF6008F7806 /* AlertViewController.swift in Sources */,
				BDFAE4ED2C5BF26E0014D3BE /* PrivacyPolicyText.swift in Sources */,
				BD23987B2C5A9EE100D91363 /* CustomSegment.swift in Sources */,
				BDB402E82C613CCB00D26939 /* NoInternetView.swift in Sources */,
				BDB402ED2C614CA900D26939 /* LanguageViewController.swift in Sources */,
				BD2398AB2C5AF0F300D91363 /* Model.swift in Sources */,
				BD59B3DD2C5D69A60061ABA8 /* NoDataBottomBarView.swift in Sources */,
				BD685B582C66ADC5008F7806 /* CardQuestionViewModel.swift in Sources */,
				BDBC6F612C628D5900B1D17D /* RegisterAPI.swift in Sources */,
				BD685B522C6679BB008F7806 /* ShareViewController.swift in Sources */,
				BD59B3D52C5D4F730061ABA8 /* AvtarAPI.swift in Sources */,
				BD2398A42C5AE25800D91363 /* ProfileViewController.swift in Sources */,
				BDB402E62C613CCB00D26939 /* NoDataView.swift in Sources */,
				BD23987D2C5A9EE100D91363 /* Extension.swift in Sources */,
				BD59B3DF2C5D69A60061ABA8 /* NoInternetBottombarView.swift in Sources */,
				BDD672EC2C65A83C00751DC4 /* CardQuestionCollectionViewCell.swift in Sources */,
				BD59B3D72C5D4F900061ABA8 /* AvtarViewModel.swift in Sources */,
				BDB403092C61A62800D26939 /* StaticFunction.swift in Sources */,
				BDB403052C61A38C00D26939 /* HomeViewController.swift in Sources */,
				BDD672EA2C65762C00751DC4 /* CardQuestionViewController.swift in Sources */,
				BD685B622C66E4F1008F7806 /* EditViewModel.swift in Sources */,
				BD23983B2C5A9B7D00D91363 /* SceneDelegate.swift in Sources */,
				BD59B3D02C5D44D70061ABA8 /* AvtarBottomViewController.swift in Sources */,
				BD2398432C5A9B7D00D91363 /* LOL.xcdatamodeld in Sources */,
				BD2398B12C5AF15800D91363 /* UserExitsAPI.swift in Sources */,
				BDB402EB2C61475700D26939 /* NetworkManager.swift in Sources */,
				BD23987C2C5A9EE100D91363 /* CustomTabBar.swift in Sources */,
				BD23986F2C5A9E2C00D91363 /* LaunchViewController.swift in Sources */,
				BD685B5A2C66D5E2008F7806 /* InboxViewController.swift in Sources */,
			);
			runOnlyForDeploymentPostprocessing = 0;
		};
		BD23984A2C5A9B7E00D91363 /* Sources */ = {
			isa = PBXSourcesBuildPhase;
			buildActionMask = 2147483647;
			files = (
				BD2398532C5A9B7E00D91363 /* LOLTests.swift in Sources */,
			);
			runOnlyForDeploymentPostprocessing = 0;
		};
		BD2398542C5A9B7E00D91363 /* Sources */ = {
			isa = PBXSourcesBuildPhase;
			buildActionMask = 2147483647;
			files = (
				BD23985F2C5A9B7E00D91363 /* LOLUITestsLaunchTests.swift in Sources */,
				BD23985D2C5A9B7E00D91363 /* LOLUITests.swift in Sources */,
			);
			runOnlyForDeploymentPostprocessing = 0;
		};
/* End PBXSourcesBuildPhase section */

/* Begin PBXTargetDependency section */
		BD2398502C5A9B7E00D91363 /* PBXTargetDependency */ = {
			isa = PBXTargetDependency;
			target = BD2398342C5A9B7C00D91363 /* LOL */;
			targetProxy = BD23984F2C5A9B7E00D91363 /* PBXContainerItemProxy */;
		};
		BD23985A2C5A9B7E00D91363 /* PBXTargetDependency */ = {
			isa = PBXTargetDependency;
			target = BD2398342C5A9B7C00D91363 /* LOL */;
			targetProxy = BD2398592C5A9B7E00D91363 /* PBXContainerItemProxy */;
		};
/* End PBXTargetDependency section */

/* Begin PBXVariantGroup section */
		BD23983E2C5A9B7D00D91363 /* Main.storyboard */ = {
			isa = PBXVariantGroup;
			children = (
				BD23983F2C5A9B7D00D91363 /* Base */,
				BDB402F92C6191D800D26939 /* hi */,
				BDB402FB2C6191E700D26939 /* es */,
				BDB402FD2C61920400D26939 /* ur */,
				BDB402FF2C61920D00D26939 /* fr */,
				BDB403012C61926E00D26939 /* en */,
			);
			name = Main.storyboard;
			sourceTree = "<group>";
		};
		BD2398462C5A9B7E00D91363 /* LaunchScreen.storyboard */ = {
			isa = PBXVariantGroup;
			children = (
				BD2398472C5A9B7E00D91363 /* Base */,
			);
			name = LaunchScreen.storyboard;
			sourceTree = "<group>";
		};
		BDB402F32C61910500D26939 /* Localizable.strings */ = {
			isa = PBXVariantGroup;
			children = (
				BDB402F42C61910500D26939 /* en */,
				BDB402FA2C6191D800D26939 /* hi */,
				BDB402FC2C6191E700D26939 /* es */,
				BDB402FE2C61920400D26939 /* ur */,
				BDB403002C61920D00D26939 /* fr */,
			);
			name = Localizable.strings;
			sourceTree = "<group>";
		};
/* End PBXVariantGroup section */

/* Begin XCBuildConfiguration section */
		BD2398602C5A9B7E00D91363 /* Debug */ = {
			isa = XCBuildConfiguration;
			buildSettings = {
				ALWAYS_SEARCH_USER_PATHS = NO;
				ASSETCATALOG_COMPILER_GENERATE_SWIFT_ASSET_SYMBOL_EXTENSIONS = YES;
				CLANG_ANALYZER_LOCALIZABILITY_NONLOCALIZED = YES;
				CLANG_ANALYZER_NONNULL = YES;
				CLANG_ANALYZER_NUMBER_OBJECT_CONVERSION = YES_AGGRESSIVE;
				CLANG_CXX_LANGUAGE_STANDARD = "gnu++20";
				CLANG_ENABLE_MODULES = YES;
				CLANG_ENABLE_OBJC_ARC = YES;
				CLANG_ENABLE_OBJC_WEAK = YES;
				CLANG_WARN_BLOCK_CAPTURE_AUTORELEASING = YES;
				CLANG_WARN_BOOL_CONVERSION = YES;
				CLANG_WARN_COMMA = YES;
				CLANG_WARN_CONSTANT_CONVERSION = YES;
				CLANG_WARN_DEPRECATED_OBJC_IMPLEMENTATIONS = YES;
				CLANG_WARN_DIRECT_OBJC_ISA_USAGE = YES_ERROR;
				CLANG_WARN_DOCUMENTATION_COMMENTS = YES;
				CLANG_WARN_EMPTY_BODY = YES;
				CLANG_WARN_ENUM_CONVERSION = YES;
				CLANG_WARN_INFINITE_RECURSION = YES;
				CLANG_WARN_INT_CONVERSION = YES;
				CLANG_WARN_NON_LITERAL_NULL_CONVERSION = YES;
				CLANG_WARN_OBJC_IMPLICIT_RETAIN_SELF = YES;
				CLANG_WARN_OBJC_LITERAL_CONVERSION = YES;
				CLANG_WARN_OBJC_ROOT_CLASS = YES_ERROR;
				CLANG_WARN_QUOTED_INCLUDE_IN_FRAMEWORK_HEADER = YES;
				CLANG_WARN_RANGE_LOOP_ANALYSIS = YES;
				CLANG_WARN_STRICT_PROTOTYPES = YES;
				CLANG_WARN_SUSPICIOUS_MOVE = YES;
				CLANG_WARN_UNGUARDED_AVAILABILITY = YES_AGGRESSIVE;
				CLANG_WARN_UNREACHABLE_CODE = YES;
				CLANG_WARN__DUPLICATE_METHOD_MATCH = YES;
				COPY_PHASE_STRIP = NO;
				DEBUG_INFORMATION_FORMAT = dwarf;
				ENABLE_STRICT_OBJC_MSGSEND = YES;
				ENABLE_TESTABILITY = YES;
				ENABLE_USER_SCRIPT_SANDBOXING = YES;
				GCC_C_LANGUAGE_STANDARD = gnu17;
				GCC_DYNAMIC_NO_PIC = NO;
				GCC_NO_COMMON_BLOCKS = YES;
				GCC_OPTIMIZATION_LEVEL = 0;
				GCC_PREPROCESSOR_DEFINITIONS = (
					"DEBUG=1",
					"$(inherited)",
				);
				GCC_WARN_64_TO_32_BIT_CONVERSION = YES;
				GCC_WARN_ABOUT_RETURN_TYPE = YES_ERROR;
				GCC_WARN_UNDECLARED_SELECTOR = YES;
				GCC_WARN_UNINITIALIZED_AUTOS = YES_AGGRESSIVE;
				GCC_WARN_UNUSED_FUNCTION = YES;
				GCC_WARN_UNUSED_VARIABLE = YES;
				IPHONEOS_DEPLOYMENT_TARGET = 14.0;
				LOCALIZATION_PREFERS_STRING_CATALOGS = YES;
				MTL_ENABLE_DEBUG_INFO = INCLUDE_SOURCE;
				MTL_FAST_MATH = YES;
				ONLY_ACTIVE_ARCH = YES;
				SDKROOT = iphoneos;
				SWIFT_ACTIVE_COMPILATION_CONDITIONS = "DEBUG $(inherited)";
				SWIFT_OPTIMIZATION_LEVEL = "-Onone";
			};
			name = Debug;
		};
		BD2398612C5A9B7E00D91363 /* Release */ = {
			isa = XCBuildConfiguration;
			buildSettings = {
				ALWAYS_SEARCH_USER_PATHS = NO;
				ASSETCATALOG_COMPILER_GENERATE_SWIFT_ASSET_SYMBOL_EXTENSIONS = YES;
				CLANG_ANALYZER_LOCALIZABILITY_NONLOCALIZED = YES;
				CLANG_ANALYZER_NONNULL = YES;
				CLANG_ANALYZER_NUMBER_OBJECT_CONVERSION = YES_AGGRESSIVE;
				CLANG_CXX_LANGUAGE_STANDARD = "gnu++20";
				CLANG_ENABLE_MODULES = YES;
				CLANG_ENABLE_OBJC_ARC = YES;
				CLANG_ENABLE_OBJC_WEAK = YES;
				CLANG_WARN_BLOCK_CAPTURE_AUTORELEASING = YES;
				CLANG_WARN_BOOL_CONVERSION = YES;
				CLANG_WARN_COMMA = YES;
				CLANG_WARN_CONSTANT_CONVERSION = YES;
				CLANG_WARN_DEPRECATED_OBJC_IMPLEMENTATIONS = YES;
				CLANG_WARN_DIRECT_OBJC_ISA_USAGE = YES_ERROR;
				CLANG_WARN_DOCUMENTATION_COMMENTS = YES;
				CLANG_WARN_EMPTY_BODY = YES;
				CLANG_WARN_ENUM_CONVERSION = YES;
				CLANG_WARN_INFINITE_RECURSION = YES;
				CLANG_WARN_INT_CONVERSION = YES;
				CLANG_WARN_NON_LITERAL_NULL_CONVERSION = YES;
				CLANG_WARN_OBJC_IMPLICIT_RETAIN_SELF = YES;
				CLANG_WARN_OBJC_LITERAL_CONVERSION = YES;
				CLANG_WARN_OBJC_ROOT_CLASS = YES_ERROR;
				CLANG_WARN_QUOTED_INCLUDE_IN_FRAMEWORK_HEADER = YES;
				CLANG_WARN_RANGE_LOOP_ANALYSIS = YES;
				CLANG_WARN_STRICT_PROTOTYPES = YES;
				CLANG_WARN_SUSPICIOUS_MOVE = YES;
				CLANG_WARN_UNGUARDED_AVAILABILITY = YES_AGGRESSIVE;
				CLANG_WARN_UNREACHABLE_CODE = YES;
				CLANG_WARN__DUPLICATE_METHOD_MATCH = YES;
				COPY_PHASE_STRIP = NO;
				DEBUG_INFORMATION_FORMAT = "dwarf-with-dsym";
				ENABLE_NS_ASSERTIONS = NO;
				ENABLE_STRICT_OBJC_MSGSEND = YES;
				ENABLE_USER_SCRIPT_SANDBOXING = YES;
				GCC_C_LANGUAGE_STANDARD = gnu17;
				GCC_NO_COMMON_BLOCKS = YES;
				GCC_WARN_64_TO_32_BIT_CONVERSION = YES;
				GCC_WARN_ABOUT_RETURN_TYPE = YES_ERROR;
				GCC_WARN_UNDECLARED_SELECTOR = YES;
				GCC_WARN_UNINITIALIZED_AUTOS = YES_AGGRESSIVE;
				GCC_WARN_UNUSED_FUNCTION = YES;
				GCC_WARN_UNUSED_VARIABLE = YES;
				IPHONEOS_DEPLOYMENT_TARGET = 14.0;
				LOCALIZATION_PREFERS_STRING_CATALOGS = YES;
				MTL_ENABLE_DEBUG_INFO = NO;
				MTL_FAST_MATH = YES;
				SDKROOT = iphoneos;
				SWIFT_COMPILATION_MODE = wholemodule;
				VALIDATE_PRODUCT = YES;
			};
			name = Release;
		};
		BD2398632C5A9B7E00D91363 /* Debug */ = {
			isa = XCBuildConfiguration;
			baseConfigurationReference = 5BD05A9B8403ABA103D05814 /* Pods-LOL.debug.xcconfig */;
			buildSettings = {
				ASSETCATALOG_COMPILER_APPICON_NAME = AppIcon;
				ASSETCATALOG_COMPILER_GLOBAL_ACCENT_COLOR_NAME = AccentColor;
				CODE_SIGN_STYLE = Automatic;
				CURRENT_PROJECT_VERSION = 1;
				DEVELOPMENT_TEAM = CVRPLSH3AP;
				ENABLE_USER_SCRIPT_SANDBOXING = NO;
				GENERATE_INFOPLIST_FILE = YES;
				INFOPLIST_FILE = LOL/Info.plist;
				INFOPLIST_KEY_UIApplicationSupportsIndirectInputEvents = YES;
				INFOPLIST_KEY_UILaunchStoryboardName = LaunchScreen;
				INFOPLIST_KEY_UIMainStoryboardFile = Main;
				INFOPLIST_KEY_UISupportedInterfaceOrientations_iPad = "UIInterfaceOrientationPortrait UIInterfaceOrientationPortraitUpsideDown UIInterfaceOrientationLandscapeLeft UIInterfaceOrientationLandscapeRight";
				INFOPLIST_KEY_UISupportedInterfaceOrientations_iPhone = "UIInterfaceOrientationPortrait UIInterfaceOrientationLandscapeLeft UIInterfaceOrientationLandscapeRight";
				IPHONEOS_DEPLOYMENT_TARGET = 14.0;
				LD_RUNPATH_SEARCH_PATHS = (
					"$(inherited)",
					"@executable_path/Frameworks",
				);
				MARKETING_VERSION = 1.0;
				PRODUCT_BUNDLE_IDENTIFIER = com.plexustechnology.LOL;
				PRODUCT_NAME = "$(TARGET_NAME)";
				SWIFT_EMIT_LOC_STRINGS = YES;
				SWIFT_VERSION = 5.0;
				TARGETED_DEVICE_FAMILY = "1,2";
			};
			name = Debug;
		};
		BD2398642C5A9B7E00D91363 /* Release */ = {
			isa = XCBuildConfiguration;
			baseConfigurationReference = F2A1CCCB1158854C787ABA39 /* Pods-LOL.release.xcconfig */;
			buildSettings = {
				ASSETCATALOG_COMPILER_APPICON_NAME = AppIcon;
				ASSETCATALOG_COMPILER_GLOBAL_ACCENT_COLOR_NAME = AccentColor;
				CODE_SIGN_STYLE = Automatic;
				CURRENT_PROJECT_VERSION = 1;
				DEVELOPMENT_TEAM = CVRPLSH3AP;
				ENABLE_USER_SCRIPT_SANDBOXING = NO;
				GENERATE_INFOPLIST_FILE = YES;
				INFOPLIST_FILE = LOL/Info.plist;
				INFOPLIST_KEY_UIApplicationSupportsIndirectInputEvents = YES;
				INFOPLIST_KEY_UILaunchStoryboardName = LaunchScreen;
				INFOPLIST_KEY_UIMainStoryboardFile = Main;
				INFOPLIST_KEY_UISupportedInterfaceOrientations_iPad = "UIInterfaceOrientationPortrait UIInterfaceOrientationPortraitUpsideDown UIInterfaceOrientationLandscapeLeft UIInterfaceOrientationLandscapeRight";
				INFOPLIST_KEY_UISupportedInterfaceOrientations_iPhone = "UIInterfaceOrientationPortrait UIInterfaceOrientationLandscapeLeft UIInterfaceOrientationLandscapeRight";
				IPHONEOS_DEPLOYMENT_TARGET = 14.0;
				LD_RUNPATH_SEARCH_PATHS = (
					"$(inherited)",
					"@executable_path/Frameworks",
				);
				MARKETING_VERSION = 1.0;
				PRODUCT_BUNDLE_IDENTIFIER = com.plexustechnology.LOL;
				PRODUCT_NAME = "$(TARGET_NAME)";
				SWIFT_EMIT_LOC_STRINGS = YES;
				SWIFT_VERSION = 5.0;
				TARGETED_DEVICE_FAMILY = "1,2";
			};
			name = Release;
		};
		BD2398662C5A9B7E00D91363 /* Debug */ = {
			isa = XCBuildConfiguration;
			baseConfigurationReference = 8B9AD8D1B6FA54F6A992D4A7 /* Pods-LOLTests.debug.xcconfig */;
			buildSettings = {
				ALWAYS_EMBED_SWIFT_STANDARD_LIBRARIES = YES;
				BUNDLE_LOADER = "$(TEST_HOST)";
				CODE_SIGN_STYLE = Automatic;
				CURRENT_PROJECT_VERSION = 1;
				DEVELOPMENT_TEAM = CVRPLSH3AP;
				GENERATE_INFOPLIST_FILE = YES;
				IPHONEOS_DEPLOYMENT_TARGET = 14.0;
				MARKETING_VERSION = 1.0;
				PRODUCT_BUNDLE_IDENTIFIER = com.plexustechnology.LOLTests;
				PRODUCT_NAME = "$(TARGET_NAME)";
				SWIFT_EMIT_LOC_STRINGS = NO;
				SWIFT_VERSION = 5.0;
				TARGETED_DEVICE_FAMILY = "1,2";
				TEST_HOST = "$(BUILT_PRODUCTS_DIR)/LOL.app/$(BUNDLE_EXECUTABLE_FOLDER_PATH)/LOL";
			};
			name = Debug;
		};
		BD2398672C5A9B7E00D91363 /* Release */ = {
			isa = XCBuildConfiguration;
			baseConfigurationReference = B8882432140672D491290A11 /* Pods-LOLTests.release.xcconfig */;
			buildSettings = {
				ALWAYS_EMBED_SWIFT_STANDARD_LIBRARIES = YES;
				BUNDLE_LOADER = "$(TEST_HOST)";
				CODE_SIGN_STYLE = Automatic;
				CURRENT_PROJECT_VERSION = 1;
				DEVELOPMENT_TEAM = CVRPLSH3AP;
				GENERATE_INFOPLIST_FILE = YES;
				IPHONEOS_DEPLOYMENT_TARGET = 14.0;
				MARKETING_VERSION = 1.0;
				PRODUCT_BUNDLE_IDENTIFIER = com.plexustechnology.LOLTests;
				PRODUCT_NAME = "$(TARGET_NAME)";
				SWIFT_EMIT_LOC_STRINGS = NO;
				SWIFT_VERSION = 5.0;
				TARGETED_DEVICE_FAMILY = "1,2";
				TEST_HOST = "$(BUILT_PRODUCTS_DIR)/LOL.app/$(BUNDLE_EXECUTABLE_FOLDER_PATH)/LOL";
			};
			name = Release;
		};
		BD2398692C5A9B7E00D91363 /* Debug */ = {
			isa = XCBuildConfiguration;
			baseConfigurationReference = 73CA0E639855886EF06DFA9A /* Pods-LOL-LOLUITests.debug.xcconfig */;
			buildSettings = {
				ALWAYS_EMBED_SWIFT_STANDARD_LIBRARIES = YES;
				CODE_SIGN_STYLE = Automatic;
				CURRENT_PROJECT_VERSION = 1;
				DEVELOPMENT_TEAM = CVRPLSH3AP;
				GENERATE_INFOPLIST_FILE = YES;
				IPHONEOS_DEPLOYMENT_TARGET = 14.0;
				MARKETING_VERSION = 1.0;
				PRODUCT_BUNDLE_IDENTIFIER = com.plexustechnology.LOLUITests;
				PRODUCT_NAME = "$(TARGET_NAME)";
				SWIFT_EMIT_LOC_STRINGS = NO;
				SWIFT_VERSION = 5.0;
				TARGETED_DEVICE_FAMILY = "1,2";
				TEST_TARGET_NAME = LOL;
			};
			name = Debug;
		};
		BD23986A2C5A9B7E00D91363 /* Release */ = {
			isa = XCBuildConfiguration;
			baseConfigurationReference = C977EF8C1CCB68524EB3E4A2 /* Pods-LOL-LOLUITests.release.xcconfig */;
			buildSettings = {
				ALWAYS_EMBED_SWIFT_STANDARD_LIBRARIES = YES;
				CODE_SIGN_STYLE = Automatic;
				CURRENT_PROJECT_VERSION = 1;
				DEVELOPMENT_TEAM = CVRPLSH3AP;
				GENERATE_INFOPLIST_FILE = YES;
				IPHONEOS_DEPLOYMENT_TARGET = 14.0;
				MARKETING_VERSION = 1.0;
				PRODUCT_BUNDLE_IDENTIFIER = com.plexustechnology.LOLUITests;
				PRODUCT_NAME = "$(TARGET_NAME)";
				SWIFT_EMIT_LOC_STRINGS = NO;
				SWIFT_VERSION = 5.0;
				TARGETED_DEVICE_FAMILY = "1,2";
				TEST_TARGET_NAME = LOL;
			};
			name = Release;
		};
/* End XCBuildConfiguration section */

/* Begin XCConfigurationList section */
		BD2398302C5A9B7C00D91363 /* Build configuration list for PBXProject "LOL" */ = {
			isa = XCConfigurationList;
			buildConfigurations = (
				BD2398602C5A9B7E00D91363 /* Debug */,
				BD2398612C5A9B7E00D91363 /* Release */,
			);
			defaultConfigurationIsVisible = 0;
			defaultConfigurationName = Release;
		};
		BD2398622C5A9B7E00D91363 /* Build configuration list for PBXNativeTarget "LOL" */ = {
			isa = XCConfigurationList;
			buildConfigurations = (
				BD2398632C5A9B7E00D91363 /* Debug */,
				BD2398642C5A9B7E00D91363 /* Release */,
			);
			defaultConfigurationIsVisible = 0;
			defaultConfigurationName = Release;
		};
		BD2398652C5A9B7E00D91363 /* Build configuration list for PBXNativeTarget "LOLTests" */ = {
			isa = XCConfigurationList;
			buildConfigurations = (
				BD2398662C5A9B7E00D91363 /* Debug */,
				BD2398672C5A9B7E00D91363 /* Release */,
			);
			defaultConfigurationIsVisible = 0;
			defaultConfigurationName = Release;
		};
		BD2398682C5A9B7E00D91363 /* Build configuration list for PBXNativeTarget "LOLUITests" */ = {
			isa = XCConfigurationList;
			buildConfigurations = (
				BD2398692C5A9B7E00D91363 /* Debug */,
				BD23986A2C5A9B7E00D91363 /* Release */,
			);
			defaultConfigurationIsVisible = 0;
			defaultConfigurationName = Release;
		};
/* End XCConfigurationList section */

/* Begin XCVersionGroup section */
		BD2398412C5A9B7D00D91363 /* LOL.xcdatamodeld */ = {
			isa = XCVersionGroup;
			children = (
				BD2398422C5A9B7D00D91363 /* LOL.xcdatamodel */,
			);
			currentVersion = BD2398422C5A9B7D00D91363 /* LOL.xcdatamodel */;
			path = LOL.xcdatamodeld;
			sourceTree = "<group>";
			versionGroupType = wrapper.xcdatamodel;
		};
/* End XCVersionGroup section */
	};
	rootObject = BD23982D2C5A9B7C00D91363 /* Project object */;
}
