PODS:
  - Alamofire (5.9.1)
  - lottie-ios (4.4.3)
  - SDWebImage (5.19.2):
    - SDWebImage/Core (= 5.19.2)
  - SDWebImage/Core (5.19.2)
  - TTGSnackbar (1.12.0)

DEPENDENCIES:
  - Alamofire
  - lottie-ios
  - SDWebImage
  - TTGSnackbar

SPEC REPOS:
  trunk:
    - Alamofire
    - lottie-ios
    - SDWebImage
    - TTGSnackbar

SPEC CHECKSUMS:
  Alamofire: f36a35757af4587d8e4f4bfa223ad10be2422b8c
  lottie-ios: fcb5e73e17ba4c983140b7d21095c834b3087418
  SDWebImage: dfe95b2466a9823cf9f0c6d01217c06550d7b29a
  TTGSnackbar: 8e7650b9b1f5f44e40228473455986f5c12213c7

PODFILE CHECKSUM: 0cfc7e41387128f1d93dd240e2a1d6b6fcb2efb7

COCOAPODS: 1.15.2
